// !$*UTF8*$!
{
	archiveVersion = 1;
	classes = {
	};
	objectVersion = 77;
	objects = {

/* Begin PBXBuildFile section */
		BA1234562E3BEE8700C06B87 /* SwiftLlama in Frameworks */ = {isa = PBXBuildFile; productRef = BA1234552E3BEE8700C06B88 /* SwiftLlama */; };
		BAB869922E3BEE8700C06B86 /* bitchat in Frameworks */ = {isa = PBXBuildFile; productRef = BAB869912E3BEE8700C06B85 /* bitchat */; };
/* End PBXBuildFile section */

/* Begin PBXContainerItemProxy section */
		BA4114F12E31E23500F8145D /* PBXContainerItemProxy */ = {
			isa = PBXContainerItemProxy;
			containerPortal = BA4114D82E31E23400F8145D /* Project object */;
			proxyType = 1;
			remoteGlobalIDString = BA4114DF2E31E23400F8145D;
			remoteInfo = safeguardian;
		};
		BA4114FB2E31E23500F8145D /* PBXContainerItemProxy */ = {
			isa = PBXContainerItemProxy;
			containerPortal = BA4114D82E31E23400F8145D /* Project object */;
			proxyType = 1;
			remoteGlobalIDString = BA4114DF2E31E23400F8145D;
			remoteInfo = safeguardian;
		};
/* End PBXContainerItemProxy section */

/* Begin PBXFileReference section */
		BA4114E02E31E23400F8145D /* safeguardian.app */ = {isa = PBXFileReference; explicitFileType = wrapper.application; includeInIndex = 0; path = safeguardian.app; sourceTree = BUILT_PRODUCTS_DIR; };
		BA4114F02E31E23500F8145D /* safeguardianTests.xctest */ = {isa = PBXFileReference; explicitFileType = wrapper.cfbundle; includeInIndex = 0; path = safeguardianTests.xctest; sourceTree = BUILT_PRODUCTS_DIR; };
		BA4114FA2E31E23500F8145D /* safeguardianUITests.xctest */ = {isa = PBXFileReference; explicitFileType = wrapper.cfbundle; includeInIndex = 0; path = safeguardianUITests.xctest; sourceTree = BUILT_PRODUCTS_DIR; };
/* End PBXFileReference section */

/* Begin PBXFileSystemSynchronizedRootGroup section */
		BA4114E22E31E23400F8145D /* safeguardian */ = {
			isa = PBXFileSystemSynchronizedRootGroup;
			path = safeguardian;
			sourceTree = "<group>";
		};
		BA4114F32E31E23500F8145D /* safeguardianTests */ = {
			isa = PBXFileSystemSynchronizedRootGroup;
			path = safeguardianTests;
			sourceTree = "<group>";
		};
		BA4114FD2E31E23500F8145D /* safeguardianUITests */ = {
			isa = PBXFileSystemSynchronizedRootGroup;
			path = safeguardianUITests;
			sourceTree = "<group>";
		};
/* End PBXFileSystemSynchronizedRootGroup section */

/* Begin PBXFrameworksBuildPhase section */
		BA4114DD2E31E23400F8145D /* Frameworks */ = {
			isa = PBXFrameworksBuildPhase;
			buildActionMask = 2147483647;
			files = (
				BAB869922E3BEE8700C06B86 /* bitchat in Frameworks */,
				BA1234562E3BEE8700C06B87 /* SwiftLlama in Frameworks */,
			);
			runOnlyForDeploymentPostprocessing = 0;
		};
		BA4114ED2E31E23500F8145D /* Frameworks */ = {
			isa = PBXFrameworksBuildPhase;
			buildActionMask = 2147483647;
			files = (
			);
			runOnlyForDeploymentPostprocessing = 0;
		};
		BA4114F72E31E23500F8145D /* Frameworks */ = {
			isa = PBXFrameworksBuildPhase;
			buildActionMask = 2147483647;
			files = (
			);
			runOnlyForDeploymentPostprocessing = 0;
		};
/* End PBXFrameworksBuildPhase section */

/* Begin PBXGroup section */
		BA4114D72E31E23400F8145D = {
			isa = PBXGroup;
			children = (
				BA4114E22E31E23400F8145D /* safeguardian */,
				BA4114F32E31E23500F8145D /* safeguardianTests */,
				BA4114FD2E31E23500F8145D /* safeguardianUITests */,
				BA4114E12E31E23400F8145D /* Products */,
			);
			sourceTree = "<group>";
		};
		BA4114E12E31E23400F8145D /* Products */ = {
			isa = PBXGroup;
			children = (
				BA4114E02E31E23400F8145D /* safeguardian.app */,
				BA4114F02E31E23500F8145D /* safeguardianTests.xctest */,
				BA4114FA2E31E23500F8145D /* safeguardianUITests.xctest */,
			);
			name = Products;
			sourceTree = "<group>";
		};
/* End PBXGroup section */

/* Begin PBXNativeTarget section */
		BA4114DF2E31E23400F8145D /* safeguardian */ = {
			isa = PBXNativeTarget;
			buildConfigurationList = BA4115042E31E23500F8145D /* Build configuration list for PBXNativeTarget "safeguardian" */;
			buildPhases = (
				BA4114DC2E31E23400F8145D /* Sources */,
				BA4114DD2E31E23400F8145D /* Frameworks */,
				BA4114DE2E31E23400F8145D /* Resources */,
			);
			buildRules = (
			);
			dependencies = (
			);
			fileSystemSynchronizedGroups = (
				BA4114E22E31E23400F8145D /* safeguardian */,
			);
			name = safeguardian;
			packageProductDependencies = (
				BAB869912E3BEE8700C06B85 /* bitchat */,
			);
			productName = safeguardian;
			productReference = BA4114E02E31E23400F8145D /* safeguardian.app */;
			productType = "com.apple.product-type.application";
		};
		BA4114EF2E31E23500F8145D /* safeguardianTests */ = {
			isa = PBXNativeTarget;
			buildConfigurationList = BA4115072E31E23500F8145D /* Build configuration list for PBXNativeTarget "safeguardianTests" */;
			buildPhases = (
				BA4114EC2E31E23500F8145D /* Sources */,
				BA4114ED2E31E23500F8145D /* Frameworks */,
				BA4114EE2E31E23500F8145D /* Resources */,
			);
			buildRules = (
			);
			dependencies = (
				BA4114F22E31E23500F8145D /* PBXTargetDependency */,
			);
			fileSystemSynchronizedGroups = (
				BA4114F32E31E23500F8145D /* safeguardianTests */,
			);
			name = safeguardianTests;
			packageProductDependencies = (
			);
			productName = safeguardianTests;
			productReference = BA4114F02E31E23500F8145D /* safeguardianTests.xctest */;
			productType = "com.apple.product-type.bundle.unit-test";
		};
		BA4114F92E31E23500F8145D /* safeguardianUITests */ = {
			isa = PBXNativeTarget;
			buildConfigurationList = BA41150A2E31E23500F8145D /* Build configuration list for PBXNativeTarget "safeguardianUITests" */;
			buildPhases = (
				BA4114F62E31E23500F8145D /* Sources */,
				BA4114F72E31E23500F8145D /* Frameworks */,
				BA4114F82E31E23500F8145D /* Resources */,
			);
			buildRules = (
			);
			dependencies = (
				BA4114FC2E31E23500F8145D /* PBXTargetDependency */,
			);
			fileSystemSynchronizedGroups = (
				BA4114FD2E31E23500F8145D /* safeguardianUITests */,
			);
			name = safeguardianUITests;
			packageProductDependencies = (
			);
			productName = safeguardianUITests;
			productReference = BA4114FA2E31E23500F8145D /* safeguardianUITests.xctest */;
			productType = "com.apple.product-type.bundle.ui-testing";
		};
/* End PBXNativeTarget section */

/* Begin PBXProject section */
		BA4114D82E31E23400F8145D /* Project object */ = {
			isa = PBXProject;
			attributes = {
				BuildIndependentTargetsInParallel = 1;
				LastSwiftUpdateCheck = 1620;
				LastUpgradeCheck = 1640;
				TargetAttributes = {
					BA4114DF2E31E23400F8145D = {
						CreatedOnToolsVersion = 16.2;
					};
					BA4114EF2E31E23500F8145D = {
						CreatedOnToolsVersion = 16.2;
						TestTargetID = BA4114DF2E31E23400F8145D;
					};
					BA4114F92E31E23500F8145D = {
						CreatedOnToolsVersion = 16.2;
						TestTargetID = BA4114DF2E31E23400F8145D;
					};
				};
			};
			buildConfigurationList = BA4114DB2E31E23400F8145D /* Build configuration list for PBXProject "safeguardian" */;
			developmentRegion = en;
			hasScannedForEncodings = 0;
			knownRegions = (
				en,
				Base,
			);
			mainGroup = BA4114D72E31E23400F8145D;
			minimizedProjectReferenceProxies = 1;
			packageReferences = (
				BAB869902E3BEE8700C06B84 /* XCRemoteSwiftPackageReference "bitchat" */,
				BA1234542E3BEE8700C06B89 /* XCRemoteSwiftPackageReference "SwiftLlama" */,
			);
			preferredProjectObjectVersion = 77;
			productRefGroup = BA4114E12E31E23400F8145D /* Products */;
			projectDirPath = "";
			projectRoot = "";
			targets = (
				BA4114DF2E31E23400F8145D /* safeguardian */,
				BA4114EF2E31E23500F8145D /* safeguardianTests */,
				BA4114F92E31E23500F8145D /* safeguardianUITests */,
			);
		};
/* End PBXProject section */

/* Begin PBXResourcesBuildPhase section */
		BA4114DE2E31E23400F8145D /* Resources */ = {
			isa = PBXResourcesBuildPhase;
			buildActionMask = 2147483647;
			files = (
			);
			runOnlyForDeploymentPostprocessing = 0;
		};
		BA4114EE2E31E23500F8145D /* Resources */ = {
			isa = PBXResourcesBuildPhase;
			buildActionMask = 2147483647;
			files = (
			);
			runOnlyForDeploymentPostprocessing = 0;
		};
		BA4114F82E31E23500F8145D /* Resources */ = {
			isa = PBXResourcesBuildPhase;
			buildActionMask = 2147483647;
			files = (
			);
			runOnlyForDeploymentPostprocessing = 0;
		};
/* End PBXResourcesBuildPhase section */

/* Begin PBXSourcesBuildPhase section */
		BA4114DC2E31E23400F8145D /* Sources */ = {
			isa = PBXSourcesBuildPhase;
			buildActionMask = 2147483647;
			files = (
			);
			runOnlyForDeploymentPostprocessing = 0;
		};
		BA4114EC2E31E23500F8145D /* Sources */ = {
			isa = PBXSourcesBuildPhase;
			buildActionMask = 2147483647;
			files = (
			);
			runOnlyForDeploymentPostprocessing = 0;
		};
		BA4114F62E31E23500F8145D /* Sources */ = {
			isa = PBXSourcesBuildPhase;
			buildActionMask = 2147483647;
			files = (
			);
			runOnlyForDeploymentPostprocessing = 0;
		};
/* End PBXSourcesBuildPhase section */

/* Begin PBXTargetDependency section */
		BA4114F22E31E23500F8145D /* PBXTargetDependency */ = {
			isa = PBXTargetDependency;
			target = BA4114DF2E31E23400F8145D /* safeguardian */;
			targetProxy = BA4114F12E31E23500F8145D /* PBXContainerItemProxy */;
		};
		BA4114FC2E31E23500F8145D /* PBXTargetDependency */ = {
			isa = PBXTargetDependency;
			target = BA4114DF2E31E23400F8145D /* safeguardian */;
			targetProxy = BA4114FB2E31E23500F8145D /* PBXContainerItemProxy */;
		};
/* End PBXTargetDependency section */

/* Begin XCBuildConfiguration section */
		BA4115022E31E23500F8145D /* Debug */ = {
			isa = XCBuildConfiguration;
			buildSettings = {
				ALWAYS_SEARCH_USER_PATHS = NO;
				ASSETCATALOG_COMPILER_GENERATE_SWIFT_ASSET_SYMBOL_EXTENSIONS = YES;
				CLANG_ANALYZER_NONNULL = YES;
				CLANG_ANALYZER_NUMBER_OBJECT_CONVERSION = YES_AGGRESSIVE;
				CLANG_CXX_LANGUAGE_STANDARD = "gnu++20";
				CLANG_ENABLE_MODULES = YES;
				CLANG_ENABLE_OBJC_ARC = YES;
				CLANG_ENABLE_OBJC_WEAK = YES;
				CLANG_WARN_BLOCK_CAPTURE_AUTORELEASING = YES;
				CLANG_WARN_BOOL_CONVERSION = YES;
				CLANG_WARN_COMMA = YES;
				CLANG_WARN_CONSTANT_CONVERSION = YES;
				CLANG_WARN_DEPRECATED_OBJC_IMPLEMENTATIONS = YES;
				CLANG_WARN_DIRECT_OBJC_ISA_USAGE = YES_ERROR;
				CLANG_WARN_DOCUMENTATION_COMMENTS = YES;
				CLANG_WARN_EMPTY_BODY = YES;
				CLANG_WARN_ENUM_CONVERSION = YES;
				CLANG_WARN_INFINITE_RECURSION = YES;
				CLANG_WARN_INT_CONVERSION = YES;
				CLANG_WARN_NON_LITERAL_NULL_CONVERSION = YES;
				CLANG_WARN_OBJC_IMPLICIT_RETAIN_SELF = YES;
				CLANG_WARN_OBJC_LITERAL_CONVERSION = YES;
				CLANG_WARN_OBJC_ROOT_CLASS = YES_ERROR;
				CLANG_WARN_QUOTED_INCLUDE_IN_FRAMEWORK_HEADER = YES;
				CLANG_WARN_RANGE_LOOP_ANALYSIS = YES;
				CLANG_WARN_STRICT_PROTOTYPES = YES;
				CLANG_WARN_SUSPICIOUS_MOVE = YES;
				CLANG_WARN_UNGUARDED_AVAILABILITY = YES_AGGRESSIVE;
				CLANG_WARN_UNREACHABLE_CODE = YES;
				CLANG_WARN__DUPLICATE_METHOD_MATCH = YES;
				COPY_PHASE_STRIP = NO;
				DEBUG_INFORMATION_FORMAT = dwarf;
				DEVELOPMENT_TEAM = V9KH637N7P;
				ENABLE_STRICT_OBJC_MSGSEND = YES;
				ENABLE_TESTABILITY = YES;
				ENABLE_USER_SCRIPT_SANDBOXING = YES;
				GCC_C_LANGUAGE_STANDARD = gnu17;
				GCC_DYNAMIC_NO_PIC = NO;
				GCC_NO_COMMON_BLOCKS = YES;
				GCC_OPTIMIZATION_LEVEL = 0;
				GCC_PREPROCESSOR_DEFINITIONS = (
					"DEBUG=1",
					"$(inherited)",
				);
				GCC_WARN_64_TO_32_BIT_CONVERSION = YES;
				GCC_WARN_ABOUT_RETURN_TYPE = YES_ERROR;
				GCC_WARN_UNDECLARED_SELECTOR = YES;
				GCC_WARN_UNINITIALIZED_AUTOS = YES_AGGRESSIVE;
				GCC_WARN_UNUSED_FUNCTION = YES;
				GCC_WARN_UNUSED_VARIABLE = YES;
				IPHONEOS_DEPLOYMENT_TARGET = 18.2;
				LOCALIZATION_PREFERS_STRING_CATALOGS = YES;
				MTL_ENABLE_DEBUG_INFO = INCLUDE_SOURCE;
				MTL_FAST_MATH = YES;
				ONLY_ACTIVE_ARCH = YES;
				SDKROOT = iphoneos;
				SWIFT_ACTIVE_COMPILATION_CONDITIONS = "DEBUG $(inherited)";
				SWIFT_OPTIMIZATION_LEVEL = "-Onone";
			};
			name = Debug;
		};
		BA4115032E31E23500F8145D /* Release */ = {
			isa = XCBuildConfiguration;
			buildSettings = {
				ALWAYS_SEARCH_USER_PATHS = NO;
				ASSETCATALOG_COMPILER_GENERATE_SWIFT_ASSET_SYMBOL_EXTENSIONS = YES;
				CLANG_ANALYZER_NONNULL = YES;
				CLANG_ANALYZER_NUMBER_OBJECT_CONVERSION = YES_AGGRESSIVE;
				CLANG_CXX_LANGUAGE_STANDARD = "gnu++20";
				CLANG_ENABLE_MODULES = YES;
				CLANG_ENABLE_OBJC_ARC = YES;
				CLANG_ENABLE_OBJC_WEAK = YES;
				CLANG_WARN_BLOCK_CAPTURE_AUTORELEASING = YES;
				CLANG_WARN_BOOL_CONVERSION = YES;
				CLANG_WARN_COMMA = YES;
				CLANG_WARN_CONSTANT_CONVERSION = YES;
				CLANG_WARN_DEPRECATED_OBJC_IMPLEMENTATIONS = YES;
				CLANG_WARN_DIRECT_OBJC_ISA_USAGE = YES_ERROR;
				CLANG_WARN_DOCUMENTATION_COMMENTS = YES;
				CLANG_WARN_EMPTY_BODY = YES;
				CLANG_WARN_ENUM_CONVERSION = YES;
				CLANG_WARN_INFINITE_RECURSION = YES;
				CLANG_WARN_INT_CONVERSION = YES;
				CLANG_WARN_NON_LITERAL_NULL_CONVERSION = YES;
				CLANG_WARN_OBJC_IMPLICIT_RETAIN_SELF = YES;
				CLANG_WARN_OBJC_LITERAL_CONVERSION = YES;
				CLANG_WARN_OBJC_ROOT_CLASS = YES_ERROR;
				CLANG_WARN_QUOTED_INCLUDE_IN_FRAMEWORK_HEADER = YES;
				CLANG_WARN_RANGE_LOOP_ANALYSIS = YES;
				CLANG_WARN_STRICT_PROTOTYPES = YES;
				CLANG_WARN_SUSPICIOUS_MOVE = YES;
				CLANG_WARN_UNGUARDED_AVAILABILITY = YES_AGGRESSIVE;
				CLANG_WARN_UNREACHABLE_CODE = YES;
				CLANG_WARN__DUPLICATE_METHOD_MATCH = YES;
				COPY_PHASE_STRIP = NO;
				DEBUG_INFORMATION_FORMAT = "dwarf-with-dsym";
				DEVELOPMENT_TEAM = V9KH637N7P;
				ENABLE_NS_ASSERTIONS = NO;
				ENABLE_STRICT_OBJC_MSGSEND = YES;
				ENABLE_USER_SCRIPT_SANDBOXING = YES;
				GCC_C_LANGUAGE_STANDARD = gnu17;
				GCC_NO_COMMON_BLOCKS = YES;
				GCC_WARN_64_TO_32_BIT_CONVERSION = YES;
				GCC_WARN_ABOUT_RETURN_TYPE = YES_ERROR;
				GCC_WARN_UNDECLARED_SELECTOR = YES;
				GCC_WARN_UNINITIALIZED_AUTOS = YES_AGGRESSIVE;
				GCC_WARN_UNUSED_FUNCTION = YES;
				GCC_WARN_UNUSED_VARIABLE = YES;
				IPHONEOS_DEPLOYMENT_TARGET = 18.2;
				LOCALIZATION_PREFERS_STRING_CATALOGS = YES;
				MTL_ENABLE_DEBUG_INFO = NO;
				MTL_FAST_MATH = YES;
				SDKROOT = iphoneos;
				SWIFT_COMPILATION_MODE = wholemodule;
				VALIDATE_PRODUCT = YES;
			};
			name = Release;
		};
		BA4115052E31E23500F8145D /* Debug */ = {
			isa = XCBuildConfiguration;
			buildSettings = {
				ASSETCATALOG_COMPILER_APPICON_NAME = AppIcon;
				ASSETCATALOG_COMPILER_GLOBAL_ACCENT_COLOR_NAME = AccentColor;
				CODE_SIGN_STYLE = Automatic;
				CURRENT_PROJECT_VERSION = 1;
				DEVELOPMENT_ASSET_PATHS = "\"safeguardian/Preview Content\"";
				ENABLE_PREVIEWS = YES;
				GENERATE_INFOPLIST_FILE = YES;
				INFOPLIST_KEY_UIApplicationSceneManifest_Generation = YES;
				INFOPLIST_KEY_UIApplicationSupportsIndirectInputEvents = YES;
				INFOPLIST_KEY_UILaunchScreen_Generation = YES;
				INFOPLIST_KEY_UISupportedInterfaceOrientations_iPad = "UIInterfaceOrientationPortrait UIInterfaceOrientationPortraitUpsideDown UIInterfaceOrientationLandscapeLeft UIInterfaceOrientationLandscapeRight";
				INFOPLIST_KEY_UISupportedInterfaceOrientations_iPhone = "UIInterfaceOrientationPortrait UIInterfaceOrientationLandscapeLeft UIInterfaceOrientationLandscapeRight";
				INFOPLIST_KEY_NSCameraUsageDescription = "SafeGuardian uses camera access for AI-powered image analysis to assess safety situations and provide enhanced security guidance.";
				INFOPLIST_KEY_NSMicrophoneUsageDescription = "SafeGuardian uses microphone access for voice commands and emergency audio detection to provide hands-free safety assistance.";
				INFOPLIST_KEY_NSLocationWhenInUseUsageDescription = "SafeGuardian uses location services to show nearby emergency services, coordinate with community members, and provide location-based safety guidance.";
				INFOPLIST_KEY_NSLocationAlwaysAndWhenInUseUsageDescription = "SafeGuardian uses location services to show nearby emergency services, coordinate with community members, and provide location-based safety guidance.";
				INFOPLIST_KEY_NSBluetoothAlwaysUsageDescription = "SafeGuardian uses Bluetooth for mesh network communication, enabling offline coordination with nearby community members during emergencies.";
				INFOPLIST_KEY_NSBluetoothPeripheralUsageDescription = "SafeGuardian uses Bluetooth for mesh network communication, enabling offline coordination with nearby community members during emergencies.";
				LD_RUNPATH_SEARCH_PATHS = (
					"$(inherited)",
					"@executable_path/Frameworks",
				);
				MARKETING_VERSION = 1.0;
				PRODUCT_BUNDLE_IDENTIFIER = com.safeguardian.app;
				PRODUCT_NAME = "$(TARGET_NAME)";
				SWIFT_EMIT_LOC_STRINGS = YES;
				SWIFT_VERSION = 5.0;
				TARGETED_DEVICE_FAMILY = "1,2";
			};
			name = Debug;
		};
		BA4115062E31E23500F8145D /* Release */ = {
			isa = XCBuildConfiguration;
			buildSettings = {
				ASSETCATALOG_COMPILER_APPICON_NAME = AppIcon;
				ASSETCATALOG_COMPILER_GLOBAL_ACCENT_COLOR_NAME = AccentColor;
				CODE_SIGN_STYLE = Automatic;
				CURRENT_PROJECT_VERSION = 1;
				DEVELOPMENT_ASSET_PATHS = "\"safeguardian/Preview Content\"";
				ENABLE_PREVIEWS = YES;
				GENERATE_INFOPLIST_FILE = YES;
				INFOPLIST_KEY_UIApplicationSceneManifest_Generation = YES;
				INFOPLIST_KEY_UIApplicationSupportsIndirectInputEvents = YES;
				INFOPLIST_KEY_UILaunchScreen_Generation = YES;
				INFOPLIST_KEY_UISupportedInterfaceOrientations_iPad = "UIInterfaceOrientationPortrait UIInterfaceOrientationPortraitUpsideDown UIInterfaceOrientationLandscapeLeft UIInterfaceOrientationLandscapeRight";
				INFOPLIST_KEY_UISupportedInterfaceOrientations_iPhone = "UIInterfaceOrientationPortrait UIInterfaceOrientationLandscapeLeft UIInterfaceOrientationLandscapeRight";
				INFOPLIST_KEY_NSCameraUsageDescription = "SafeGuardian uses camera access for AI-powered image analysis to assess safety situations and provide enhanced security guidance.";
				INFOPLIST_KEY_NSMicrophoneUsageDescription = "SafeGuardian uses microphone access for voice commands and emergency audio detection to provide hands-free safety assistance.";
				INFOPLIST_KEY_NSLocationWhenInUseUsageDescription = "SafeGuardian uses location services to show nearby emergency services, coordinate with community members, and provide location-based safety guidance.";
				INFOPLIST_KEY_NSLocationAlwaysAndWhenInUseUsageDescription = "SafeGuardian uses location services to show nearby emergency services, coordinate with community members, and provide location-based safety guidance.";
				INFOPLIST_KEY_NSBluetoothAlwaysUsageDescription = "SafeGuardian uses Bluetooth for mesh network communication, enabling offline coordination with nearby community members during emergencies.";
				INFOPLIST_KEY_NSBluetoothPeripheralUsageDescription = "SafeGuardian uses Bluetooth for mesh network communication, enabling offline coordination with nearby community members during emergencies.";
				LD_RUNPATH_SEARCH_PATHS = (
					"$(inherited)",
					"@executable_path/Frameworks",
				);
				MARKETING_VERSION = 1.0;
				PRODUCT_BUNDLE_IDENTIFIER = com.safeguardian.app;
				PRODUCT_NAME = "$(TARGET_NAME)";
				SWIFT_EMIT_LOC_STRINGS = YES;
				SWIFT_VERSION = 5.0;
				TARGETED_DEVICE_FAMILY = "1,2";
			};
			name = Release;
		};
		BA4115082E31E23500F8145D /* Debug */ = {
			isa = XCBuildConfiguration;
			buildSettings = {
				BUNDLE_LOADER = "$(TEST_HOST)";
				CODE_SIGN_STYLE = Automatic;
				CURRENT_PROJECT_VERSION = 1;
				GENERATE_INFOPLIST_FILE = YES;
				IPHONEOS_DEPLOYMENT_TARGET = 18.2;
				MARKETING_VERSION = 1.0;
				PRODUCT_BUNDLE_IDENTIFIER = com.safeguardian.app.tests;
				PRODUCT_NAME = "$(TARGET_NAME)";
				SWIFT_EMIT_LOC_STRINGS = NO;
				SWIFT_VERSION = 5.0;
				TARGETED_DEVICE_FAMILY = "1,2";
				TEST_HOST = "$(BUILT_PRODUCTS_DIR)/safeguardian.app/$(BUNDLE_EXECUTABLE_FOLDER_PATH)/safeguardian";
			};
			name = Debug;
		};
		BA4115092E31E23500F8145D /* Release */ = {
			isa = XCBuildConfiguration;
			buildSettings = {
				BUNDLE_LOADER = "$(TEST_HOST)";
				CODE_SIGN_STYLE = Automatic;
				CURRENT_PROJECT_VERSION = 1;
				GENERATE_INFOPLIST_FILE = YES;
				IPHONEOS_DEPLOYMENT_TARGET = 18.2;
				MARKETING_VERSION = 1.0;
				PRODUCT_BUNDLE_IDENTIFIER = com.safeguardian.app.tests;
				PRODUCT_NAME = "$(TARGET_NAME)";
				SWIFT_EMIT_LOC_STRINGS = NO;
				SWIFT_VERSION = 5.0;
				TARGETED_DEVICE_FAMILY = "1,2";
				TEST_HOST = "$(BUILT_PRODUCTS_DIR)/safeguardian.app/$(BUNDLE_EXECUTABLE_FOLDER_PATH)/safeguardian";
			};
			name = Release;
		};
		BA41150B2E31E23500F8145D /* Debug */ = {
			isa = XCBuildConfiguration;
			buildSettings = {
				CODE_SIGN_STYLE = Automatic;
				CURRENT_PROJECT_VERSION = 1;
				GENERATE_INFOPLIST_FILE = YES;
				MARKETING_VERSION = 1.0;
				PRODUCT_BUNDLE_IDENTIFIER = com.safeguardian.app.uitests;
				PRODUCT_NAME = "$(TARGET_NAME)";
				SWIFT_EMIT_LOC_STRINGS = NO;
				SWIFT_VERSION = 5.0;
				TARGETED_DEVICE_FAMILY = "1,2";
				TEST_TARGET_NAME = safeguardian;
			};
			name = Debug;
		};
		BA41150C2E31E23500F8145D /* Release */ = {
			isa = XCBuildConfiguration;
			buildSettings = {
				CODE_SIGN_STYLE = Automatic;
				CURRENT_PROJECT_VERSION = 1;
				GENERATE_INFOPLIST_FILE = YES;
				MARKETING_VERSION = 1.0;
				PRODUCT_BUNDLE_IDENTIFIER = com.safeguardian.app.uitests;
				PRODUCT_NAME = "$(TARGET_NAME)";
				SWIFT_EMIT_LOC_STRINGS = NO;
				SWIFT_VERSION = 5.0;
				TARGETED_DEVICE_FAMILY = "1,2";
				TEST_TARGET_NAME = safeguardian;
			};
			name = Release;
		};
/* End XCBuildConfiguration section */

/* Begin XCConfigurationList section */
		BA4114DB2E31E23400F8145D /* Build configuration list for PBXProject "safeguardian" */ = {
			isa = XCConfigurationList;
			buildConfigurations = (
				BA4115022E31E23500F8145D /* Debug */,
				BA4115032E31E23500F8145D /* Release */,
			);
			defaultConfigurationIsVisible = 0;
			defaultConfigurationName = Release;
		};
		BA4115042E31E23500F8145D /* Build configuration list for PBXNativeTarget "safeguardian" */ = {
			isa = XCConfigurationList;
			buildConfigurations = (
				BA4115052E31E23500F8145D /* Debug */,
				BA4115062E31E23500F8145D /* Release */,
			);
			defaultConfigurationIsVisible = 0;
			defaultConfigurationName = Release;
		};
		BA4115072E31E23500F8145D /* Build configuration list for PBXNativeTarget "safeguardianTests" */ = {
			isa = XCConfigurationList;
			buildConfigurations = (
				BA4115082E31E23500F8145D /* Debug */,
				BA4115092E31E23500F8145D /* Release */,
			);
			defaultConfigurationIsVisible = 0;
			defaultConfigurationName = Release;
		};
		BA41150A2E31E23500F8145D /* Build configuration list for PBXNativeTarget "safeguardianUITests" */ = {
			isa = XCConfigurationList;
			buildConfigurations = (
				BA41150B2E31E23500F8145D /* Debug */,
				BA41150C2E31E23500F8145D /* Release */,
			);
			defaultConfigurationIsVisible = 0;
			defaultConfigurationName = Release;
		};
/* End XCConfigurationList section */

/* Begin XCRemoteSwiftPackageReference section */
		BA1234542E3BEE8700C06B89 /* XCRemoteSwiftPackageReference "SwiftLlama" */ = {
			isa = XCRemoteSwiftPackageReference;
			repositoryURL = "https://github.com/ShenghaiWang/SwiftLlama.git";
			requirement = {
				kind = upToNextMajorVersion;
				minimumVersion = 0.4.0;
			};
		};
		BAB869902E3BEE8700C06B84 /* XCRemoteSwiftPackageReference "bitchat" */ = {
			isa = XCRemoteSwiftPackageReference;
			repositoryURL = ./bitchat;
			requirement = {
				branch = main;
				kind = branch;
			};
		};
/* End XCRemoteSwiftPackageReference section */

/* Begin XCSwiftPackageProductDependency section */
		BA1234552E3BEE8700C06B88 /* SwiftLlama */ = {
			isa = XCSwiftPackageProductDependency;
			package = BA1234542E3BEE8700C06B89 /* XCRemoteSwiftPackageReference "SwiftLlama" */;
			productName = SwiftLlama;
		};
		BAB869912E3BEE8700C06B85 /* bitchat */ = {
			isa = XCSwiftPackageProductDependency;
			package = BAB869902E3BEE8700C06B84 /* XCRemoteSwiftPackageReference "bitchat" */;
			productName = bitchat;
		};
/* End XCSwiftPackageProductDependency section */
	};
	rootObject = BA4114D82E31E23400F8145D /* Project object */;
}
